
Microsoft Visual Studio Solution File, Format Version 12.00
# Visual Studio Version 16
VisualStudioVersion = 16.0.31624.102
MinimumVisualStudioVersion = 10.0.40219.1
Project("{FAE04EC0-301F-11D3-BF4B-00C04F79EFBC}") = "CS155LabWeek9Pizza", "CS155LabWeek9Pizza\CS155LabWeek9Pizza.csproj", "{1378E8C8-F48B-4DC5-A5C4-5AF7B767A0CD}"
EndProject
Global
	GlobalSection(SolutionConfigurationPlatforms) = preSolution
		Debug|Any CPU = Debug|Any CPU
		Release|Any CPU = Release|Any CPU
	EndGlobalSection
	GlobalSection(ProjectConfigurationPlatforms) = postSolution
		{1378E8C8-F48B-4DC5-A5C4-5AF7B767A0CD}.Debug|Any CPU.ActiveCfg = Debug|Any CPU
		{1378E8C8-F48B-4DC5-A5C4-5AF7B767A0CD}.Debug|Any CPU.Build.0 = Debug|Any CPU
		{1378E8C8-F48B-4DC5-A5C4-5AF7B767A0CD}.Release|Any CPU.ActiveCfg = Release|Any CPU
		{1378E8C8-F48B-4DC5-A5C4-5AF7B767A0CD}.Release|Any CPU.Build.0 = Release|Any CPU
	EndGlobalSection
	GlobalSection(SolutionProperties) = preSolution
		HideSolutionNode = FALSE
	EndGlobalSection
	GlobalSection(ExtensibilityGlobals) = postSolution
		SolutionGuid = {A3AF38E9-50A6-4306-A1E4-D3EDA4B941A2}
	EndGlobalSection
EndGlobal
